fortio.org/assert v1.2.1 h1:48I39urpeDj65RP1KguF7akCjILNeu6vICiYMEysR7Q=
fortio.org/assert v1.2.1/go.mod h1:039mG+/iYDPO8Ibx8TrNuJCm2T2SuhwRI3uL9nHTTls=
fortio.org/cli v1.9.2 h1:17eJ8QZPjXHcLBpeCe0QMO/0fj5Bw0ZTxVgL7V9jOqc=
fortio.org/cli v1.9.2/go.mod h1:7r55OoTV8NXcTvJT4boWk8s3I2LP6TMZh/0LLMJEYw0=
fortio.org/log v1.17.1 h1:YQoGyZBnXTVIs77/nZw7BppwSOIamP3I092PGBenBZs=
fortio.org/log v1.17.1/go.mod h1:t58Spg9njjymvRioh5F6qKGSupEsnMjXLGWIS1i3khE=
fortio.org/safecast v1.0.0 h1:dr3131WPX8iS1pTf76+39WeXbTrerDYLvi9s7Oi3wiY=
fortio.org/safecast v1.0.0/go.mod h1:xZmcPk3vi4kuUFf+tq4SvnlVdwViqf6ZSZl91Jr9Jdg=
fortio.org/sets v1.2.0 h1:FBfC7R2xrOJtkcioUbY6WqEzdujuBoZRbSdp1fYF4Kk=
fortio.org/sets v1.2.0/go.mod h1:J2BwIxNOLWsSU7IMZUg541kh3Au4JEKHrghVwXs68tE=
fortio.org/struct2env v0.4.1 h1:rJludAMO5eBvpWplWEQNqoVDFZr4RWMQX7RUapgZyc0=
fortio.org/struct2env v0.4.1/go.mod h1:lENUe70UwA1zDUCX+8AsO663QCFqYaprk5lnPhjD410=
fortio.org/term v0.23.0-fortio-6 h1:pKrUX0tKOxyEhkhLV50oJYucTVx94rzFrXc24lIuLvk=
fortio.org/term v0.23.0-fortio-6/go.mod h1:7buBfn81wEJUGWiVjFNiUE/vxWs5FdM9c7PyZpZRS30=
fortio.org/terminal v0.25.0 h1:kKWdnX61a0zF4eDIeUzevJlSqIIDir33OarQz/7enO0=
fortio.org/terminal v0.25.0/go.mod h1:MikWZO8nnM+W4KjiEakpahRLqSaJvaeDdzysYGCHcP8=
fortio.org/testscript v0.3.2 h1:ks5V+Y6H6nmeGqnVlZuLdiFwpqXemDkEnyGgCZa/ZNA=
fortio.org/testscript v0.3.2/go.mod h1:Z2kUvEDHYETV8FLxsdA6zwSZ8sZUiTNJh2Dw5c4a3Pg=
fortio.org/version v1.0.4 h1:FWUMpJ+hVTNc4RhvvOJzb0xesrlRmG/a+D6bjbQ4+5U=
fortio.org/version v1.0.4/go.mod h1:2JQp9Ax+tm6QKiGuzR5nJY63kFeANcgrZ0osoQFDVm0=
github.com/kortschak/goroutine v1.1.2 h1:lhllcCuERxMIK5cYr8yohZZScL1na+JM5JYPRclWjck=
github.com/kortschak/goroutine v1.1.2/go.mod h1:zKpXs1FWN/6mXasDQzfl7g0LrGFIOiA6cLs9eXKyaMY=
github.com/rivo/uniseg v0.4.7 h1:WUdvkW8uEhrYfLC4ZzdpI2ztxP1I582+49Oc5Mq64VQ=
github.com/rivo/uniseg v0.4.7/go.mod h1:FN3SvrM+Zdj16jyLfmOkMNblXMcoc8DfTHruCPUcx88=
golang.org/x/crypto/x509roots/fallback v0.0.0-20240916204253-42ee18b96377 h1:aDWu69N3Si4isYMY1ppnuoGEFypX/E5l4MWA//GPClw=
golang.org/x/crypto/x509roots/fallback v0.0.0-20240916204253-42ee18b96377/go.mod h1:kNa9WdvYnzFwC79zRpLRMJbdEFlhyM5RPFBBZp/wWH8=
golang.org/x/exp v0.0.0-20240909161429-701f63a606c0 h1:e66Fs6Z+fZTbFBAxKfP3PALWBtpfqks2bwGcexMxgtk=
golang.org/x/exp v0.0.0-20240909161429-701f63a606c0/go.mod h1:2TbTHSBQa924w8M6Xs1QcRcFwyucIwBGpK1p2f1YFFY=
golang.org/x/image v0.21.0 h1:c5qV36ajHpdj4Qi0GnE0jUc/yuo33OLFaa0d+crTD5s=
golang.org/x/image v0.21.0/go.mod h1:vUbsLavqK/W303ZroQQVKQ+Af3Yl6Uz1Ppu5J/cLz78=
golang.org/x/sys v0.26.0 h1:KHjCJyddX0LoSTb3J+vWpupP9p0oznkqVk/IfjymZbo=
golang.org/x/sys v0.26.0/go.mod h1:/VUhepiaJMQUp4+oa/7Zr1D23ma6VTLIYjOOTFZPUcA=
golang.org/x/tools v0.25.0 h1:oFU9pkj/iJgs+0DT+VMHrx+oBKs/LJMV+Uvg78sl+fE=
golang.org/x/tools v0.25.0/go.mod h1:/vtpO8WL1N9cQC3FN5zPqb//fRXskFHbLKk4OW1Q7rg=
