fortio.org/assert v1.2.1 h1:48I39urpeDj65RP1KguF7akCjILNeu6vICiYMEysR7Q=
fortio.org/assert v1.2.1/go.mod h1:039mG+/iYDPO8Ibx8TrNuJCm2T2SuhwRI3uL9nHTTls=
fortio.org/cli v1.11.0 h1:cQTPqKoUII5A7gaP8PRLOGLIq1nfeYj2sStvIngaPF4=
fortio.org/cli v1.11.0/go.mod h1:QTPufwEbBsIo2iWdgIjMFyuRSg8aNiDaXWFYYLL6aUI=
fortio.org/duration v1.0.1 h1:/VJLQBvMz3wes4W9tuF0OQT6UYxTU7t4bZPfq6vwdGQ=
fortio.org/duration v1.0.1/go.mod h1:RuBVqdcCKRwMmI8WIdVq8kd7ngQPCIe6G7AU0NC0XDw=
fortio.org/log v1.17.2 h1:JPX/ApDXDoGzsNtXw0AJI4ai6tl9wHp4Ch6bVs1OK0Y=
fortio.org/log v1.17.2/go.mod h1:1V7bPfFI7ZVTdtN9DnUCAN0ilEMs5VgKjHIDRO7Mjzk=
fortio.org/progressbar v1.1.0 h1:Z5/5xT5rZMmwJp5GJUBqC0rDr9iyXUjEwY7p2AWYBVc=
fortio.org/progressbar v1.1.0/go.mod h1:YOqRraul+IPFlGh5sVw6oGNLnRhasuvRoA3wNqJvzzQ=
fortio.org/safecast v1.2.0 h1:ckQJNenMJHycqPsi/QrzA4EUX5WQkyd+hGO4mxt/a8w=
fortio.org/safecast v1.2.0/go.mod h1:xZmcPk3vi4kuUFf+tq4SvnlVdwViqf6ZSZl91Jr9Jdg=
fortio.org/sets v1.3.0 h1:UiEtck/ndNM3Tg53mJu3I7Zz1ED8+YSQLtPKSjd8LTE=
fortio.org/sets v1.3.0/go.mod h1:y8fFzm4bPTk3Qfr/tF3Xz7oWwgzpy++QdkwURKhNbP4=
fortio.org/struct2env v0.4.2 h1:Xh7HlS9vf2ZdRvRfmoGIasNDO8t6z36M713utVODRCo=
fortio.org/struct2env v0.4.2/go.mod h1:lENUe70UwA1zDUCX+8AsO663QCFqYaprk5lnPhjD410=
fortio.org/terminal v0.52.1 h1:z6QK35WdCTOZTQyWly4n5Z/nu2NPvdjWvuCL2uQCE+4=
fortio.org/terminal v0.52.1/go.mod h1:6+J0yOWB/RSwZ8kCXrKciVDC6aRhqdOyijW/FNeK2OY=
fortio.org/testscript v0.3.2 h1:ks5V+Y6H6nmeGqnVlZuLdiFwpqXemDkEnyGgCZa/ZNA=
fortio.org/testscript v0.3.2/go.mod h1:Z2kUvEDHYETV8FLxsdA6zwSZ8sZUiTNJh2Dw5c4a3Pg=
fortio.org/version v1.0.4 h1:FWUMpJ+hVTNc4RhvvOJzb0xesrlRmG/a+D6bjbQ4+5U=
fortio.org/version v1.0.4/go.mod h1:2JQp9Ax+tm6QKiGuzR5nJY63kFeANcgrZ0osoQFDVm0=
github.com/kortschak/goroutine v1.1.2 h1:lhllcCuERxMIK5cYr8yohZZScL1na+JM5JYPRclWjck=
github.com/kortschak/goroutine v1.1.2/go.mod h1:zKpXs1FWN/6mXasDQzfl7g0LrGFIOiA6cLs9eXKyaMY=
github.com/rivo/uniseg v0.4.7 h1:WUdvkW8uEhrYfLC4ZzdpI2ztxP1I582+49Oc5Mq64VQ=
github.com/rivo/uniseg v0.4.7/go.mod h1:FN3SvrM+Zdj16jyLfmOkMNblXMcoc8DfTHruCPUcx88=
golang.org/x/crypto/x509roots/fallback v0.0.0-20250406160420-959f8f3db0fb h1:Iu0p/klM0SM7atONioa/bPhLS7cjhnip99x1OIGibwg=
golang.org/x/crypto/x509roots/fallback v0.0.0-20250406160420-959f8f3db0fb/go.mod h1:lxN5T34bK4Z/i6cMaU7frUU57VkDXFD4Kamfl/cp9oU=
golang.org/x/image v0.30.0 h1:jD5RhkmVAnjqaCUXfbGBrn3lpxbknfN9w2UhHHU+5B4=
golang.org/x/image v0.30.0/go.mod h1:SAEUTxCCMWSrJcCy/4HwavEsfZZJlYxeHLc6tTiAe/c=
golang.org/x/sys v0.35.0 h1:vz1N37gP5bs89s7He8XuIYXpyY0+QlsKmzipCbUtyxI=
golang.org/x/sys v0.35.0/go.mod h1:BJP2sWEmIv4KK5OTEluFJCKSidICx8ciO85XgH3Ak8k=
golang.org/x/term v0.34.0 h1:O/2T7POpk0ZZ7MAzMeWFSg6S5IpWd/RXDlM9hgM3DR4=
golang.org/x/term v0.34.0/go.mod h1:5jC53AEywhIVebHgPVeg0mj8OD3VO9OzclacVrqpaAw=
golang.org/x/text v0.28.0 h1:rhazDwis8INMIwQ4tpjLDzUhx6RlXqZNPEM0huQojng=
golang.org/x/text v0.28.0/go.mod h1:U8nCwOR8jO/marOQ0QbDiOngZVEBB7MAiitBuMjXiNU=
golang.org/x/tools v0.35.0 h1:mBffYraMEf7aa0sB+NuKnuCy8qI/9Bughn8dC2Gu5r0=
golang.org/x/tools v0.35.0/go.mod h1:NKdj5HkL/73byiZSJjqJgKn3ep7KjFkBOkR/Hps3VPw=
